<?xml version="1.0" encoding="utf-8"?>
<Project ToolsVersion="4.0" xmlns="http://schemas.microsoft.com/developer/msbuild/2003">
  <ItemGroup>
    <Filter Include="소스 파일">
      <UniqueIdentifier>{4FC737F1-C7A5-4376-A066-2A32D752A2FF}</UniqueIdentifier>
      <Extensions>cpp;c;cc;cxx;def;odl;idl;hpj;bat;asm;asmx</Extensions>
    </Filter>
    <Filter Include="헤더 파일">
      <UniqueIdentifier>{93995380-89BD-4b04-88EB-625FBE52EBFB}</UniqueIdentifier>
      <Extensions>h;hh;hpp;hxx;hm;inl;inc;xsd</Extensions>
    </Filter>
    <Filter Include="리소스 파일">
      <UniqueIdentifier>{67DA6AB6-F800-4c08-8B7A-83BB121AAD01}</UniqueIdentifier>
      <Extensions>rc;ico;cur;bmp;dlg;rc2;rct;bin;rgs;gif;jpg;jpeg;jpe;resx;tiff;tif;png;wav;mfcribbon-ms</Extensions>
    </Filter>
    <Filter Include="설정">
      <UniqueIdentifier>{e448a155-ccab-490e-8850-421ff2d5633a}</UniqueIdentifier>
    </Filter>
    <Filter Include="공통">
      <UniqueIdentifier>{e987df6d-e727-4da1-b3ea-508e5a61b30d}</UniqueIdentifier>
    </Filter>
    <Filter Include="로그">
      <UniqueIdentifier>{176ecb91-4afa-4135-beb6-41c4fe822827}</UniqueIdentifier>
    </Filter>
    <Filter Include="싱글톤 객체">
      <UniqueIdentifier>{e8d3c6a3-b2b7-465a-9c4a-3bc3cb97872e}</UniqueIdentifier>
    </Filter>
    <Filter Include="세션">
      <UniqueIdentifier>{b033701e-5254-4757-980d-8b2d704903f5}</UniqueIdentifier>
    </Filter>
  </ItemGroup>
  <ItemGroup>
    <Text Include="ReadMe.txt" />
  </ItemGroup>
  <ItemGroup>
    <ClInclude Include="stdafx.h">
      <Filter>헤더 파일</Filter>
    </ClInclude>
    <ClInclude Include="targetver.h">
      <Filter>헤더 파일</Filter>
    </ClInclude>
    <ClInclude Include="BGSingleton.h">
      <Filter>싱글톤 객체</Filter>
    </ClInclude>
    <ClInclude Include="BGSession.h">
      <Filter>세션</Filter>
    </ClInclude>
    <ClInclude Include="BGSessionManager.h">
      <Filter>세션</Filter>
    </ClInclude>
    <ClInclude Include="bgconfigmanager.h">
      <Filter>설정</Filter>
    </ClInclude>
    <ClInclude Include="BGConst.h">
      <Filter>공통</Filter>
    </ClInclude>
    <ClInclude Include="BGLog.h">
      <Filter>로그</Filter>
    </ClInclude>
    <ClInclude Include="BGLogEnum.h">
      <Filter>로그</Filter>
    </ClInclude>
    <ClInclude Include="BGLogManager.h">
      <Filter>로그</Filter>
    </ClInclude>
    <ClInclude Include="BGSessionEnum.h">
      <Filter>세션</Filter>
    </ClInclude>
  </ItemGroup>
  <ItemGroup>
    <ClCompile Include="stdafx.cpp">
      <Filter>소스 파일</Filter>
    </ClCompile>
    <ClCompile Include="main.cpp">
      <Filter>소스 파일</Filter>
    </ClCompile>
    <ClCompile Include="BGSingleton.cpp">
      <Filter>싱글톤 객체</Filter>
    </ClCompile>
    <ClCompile Include="BGSession.cpp">
      <Filter>세션</Filter>
    </ClCompile>
    <ClCompile Include="BGSessionManager.cpp">
      <Filter>세션</Filter>
    </ClCompile>
    <ClCompile Include="BGConfigManager.cpp">
      <Filter>설정</Filter>
    </ClCompile>
    <ClCompile Include="BGLog.cpp">
      <Filter>로그</Filter>
    </ClCompile>
    <ClCompile Include="BGLogManager.cpp">
      <Filter>로그</Filter>
    </ClCompile>
  </ItemGroup>
  <ItemGroup>
    <None Include="bg_config.ini">
      <Filter>설정</Filter>
    </None>
  </ItemGroup>
</Project>